// !$*UTF8*$!
{
	archiveVersion = 1;
	classes = {
	};
	objectVersion = 51;
	objects = {

/* Begin PBXBuildFile section */
		116E1E945A258B098FBFAD3F /* Pods_InstagramClone.framework in Frameworks */ = {isa = PBXBuildFile; fileRef = 00072F520935EC8DDA02D47B /* Pods_InstagramClone.framework */; };
		1E11A4623C132DAAD726B7A6 /* Pods_InstagramCloneUITests.framework in Frameworks */ = {isa = PBXBuildFile; fileRef = 65A2E7C97835E7814D58D2F7 /* Pods_InstagramCloneUITests.framework */; };
		344C8A35C85E94FBAC46CC7C /* Pods_InstagramCloneTests.framework in Frameworks */ = {isa = PBXBuildFile; fileRef = 6EC6CB139B23A49C4BCFD6DE /* Pods_InstagramCloneTests.framework */; };
		7829F85322D3FB77005ADD46 /* AppDelegate.m in Sources */ = {isa = PBXBuildFile; fileRef = 7829F85222D3FB77005ADD46 /* AppDelegate.m */; };
		7829F85922D3FB77005ADD46 /* Main.storyboard in Resources */ = {isa = PBXBuildFile; fileRef = 7829F85722D3FB77005ADD46 /* Main.storyboard */; };
		7829F85B22D3FB78005ADD46 /* Assets.xcassets in Resources */ = {isa = PBXBuildFile; fileRef = 7829F85A22D3FB78005ADD46 /* Assets.xcassets */; };
		7829F85E22D3FB78005ADD46 /* LaunchScreen.storyboard in Resources */ = {isa = PBXBuildFile; fileRef = 7829F85C22D3FB78005ADD46 /* LaunchScreen.storyboard */; };
		7829F86122D3FB78005ADD46 /* main.m in Sources */ = {isa = PBXBuildFile; fileRef = 7829F86022D3FB78005ADD46 /* main.m */; };
		7829F86B22D3FB78005ADD46 /* InstagramCloneTests.m in Sources */ = {isa = PBXBuildFile; fileRef = 7829F86A22D3FB78005ADD46 /* InstagramCloneTests.m */; };
		7829F87622D3FB79005ADD46 /* InstagramCloneUITests.m in Sources */ = {isa = PBXBuildFile; fileRef = 7829F87522D3FB79005ADD46 /* InstagramCloneUITests.m */; };
		783F0FCA22D40C10009139E6 /* LoginPageViewController.m in Sources */ = {isa = PBXBuildFile; fileRef = 783F0FC922D40C10009139E6 /* LoginPageViewController.m */; };
		783F0FCF22D4F173009139E6 /* SignUpViewController.m in Sources */ = {isa = PBXBuildFile; fileRef = 783F0FCE22D4F173009139E6 /* SignUpViewController.m */; };
		783F0FD222D4F617009139E6 /* FeedViewController.m in Sources */ = {isa = PBXBuildFile; fileRef = 783F0FD122D4F617009139E6 /* FeedViewController.m */; };
		783F0FD522D51E35009139E6 /* PostCell.m in Sources */ = {isa = PBXBuildFile; fileRef = 783F0FD422D51E35009139E6 /* PostCell.m */; };
		783F0FD822D53F77009139E6 /* Post.m in Sources */ = {isa = PBXBuildFile; fileRef = 783F0FD722D53F77009139E6 /* Post.m */; };
		783F0FDB22D547CB009139E6 /* ComposeViewController.m in Sources */ = {isa = PBXBuildFile; fileRef = 783F0FDA22D547CB009139E6 /* ComposeViewController.m */; };
		78C7EBA922D675700084B98D /* DetailedViewViewController.m in Sources */ = {isa = PBXBuildFile; fileRef = 78C7EBA822D675700084B98D /* DetailedViewViewController.m */; };
/* End PBXBuildFile section */

/* Begin PBXContainerItemProxy section */
		7829F86722D3FB78005ADD46 /* PBXContainerItemProxy */ = {
			isa = PBXContainerItemProxy;
			containerPortal = 7829F84622D3FB77005ADD46 /* Project object */;
			proxyType = 1;
			remoteGlobalIDString = 7829F84D22D3FB77005ADD46;
			remoteInfo = InstagramClone;
		};
		7829F87222D3FB79005ADD46 /* PBXContainerItemProxy */ = {
			isa = PBXContainerItemProxy;
			containerPortal = 7829F84622D3FB77005ADD46 /* Project object */;
			proxyType = 1;
			remoteGlobalIDString = 7829F84D22D3FB77005ADD46;
			remoteInfo = InstagramClone;
		};
/* End PBXContainerItemProxy section */

/* Begin PBXFileReference section */
		00072F520935EC8DDA02D47B /* Pods_InstagramClone.framework */ = {isa = PBXFileReference; explicitFileType = wrapper.framework; includeInIndex = 0; path = Pods_InstagramClone.framework; sourceTree = BUILT_PRODUCTS_DIR; };
		09865068A7D5E719C0FF7DBD /* Pods-InstagramCloneUITests.release.xcconfig */ = {isa = PBXFileReference; includeInIndex = 1; lastKnownFileType = text.xcconfig; name = "Pods-InstagramCloneUITests.release.xcconfig"; path = "Target Support Files/Pods-InstagramCloneUITests/Pods-InstagramCloneUITests.release.xcconfig"; sourceTree = "<group>"; };
		4993AAE599B17D5D6CBEF1A5 /* Pods-InstagramCloneUITests.debug.xcconfig */ = {isa = PBXFileReference; includeInIndex = 1; lastKnownFileType = text.xcconfig; name = "Pods-InstagramCloneUITests.debug.xcconfig"; path = "Target Support Files/Pods-InstagramCloneUITests/Pods-InstagramCloneUITests.debug.xcconfig"; sourceTree = "<group>"; };
		517AF151A6811AEB8371C8E6 /* Pods-InstagramClone.debug.xcconfig */ = {isa = PBXFileReference; includeInIndex = 1; lastKnownFileType = text.xcconfig; name = "Pods-InstagramClone.debug.xcconfig"; path = "Target Support Files/Pods-InstagramClone/Pods-InstagramClone.debug.xcconfig"; sourceTree = "<group>"; };
		65A2E7C97835E7814D58D2F7 /* Pods_InstagramCloneUITests.framework */ = {isa = PBXFileReference; explicitFileType = wrapper.framework; includeInIndex = 0; path = Pods_InstagramCloneUITests.framework; sourceTree = BUILT_PRODUCTS_DIR; };
		6EC6CB139B23A49C4BCFD6DE /* Pods_InstagramCloneTests.framework */ = {isa = PBXFileReference; explicitFileType = wrapper.framework; includeInIndex = 0; path = Pods_InstagramCloneTests.framework; sourceTree = BUILT_PRODUCTS_DIR; };
		7829F84E22D3FB77005ADD46 /* InstagramClone.app */ = {isa = PBXFileReference; explicitFileType = wrapper.application; includeInIndex = 0; path = InstagramClone.app; sourceTree = BUILT_PRODUCTS_DIR; };
		7829F85122D3FB77005ADD46 /* AppDelegate.h */ = {isa = PBXFileReference; lastKnownFileType = sourcecode.c.h; path = AppDelegate.h; sourceTree = "<group>"; };
		7829F85222D3FB77005ADD46 /* AppDelegate.m */ = {isa = PBXFileReference; lastKnownFileType = sourcecode.c.objc; path = AppDelegate.m; sourceTree = "<group>"; };
		7829F85822D3FB77005ADD46 /* Base */ = {isa = PBXFileReference; lastKnownFileType = file.storyboard; name = Base; path = Base.lproj/Main.storyboard; sourceTree = "<group>"; };
		7829F85A22D3FB78005ADD46 /* Assets.xcassets */ = {isa = PBXFileReference; lastKnownFileType = folder.assetcatalog; path = Assets.xcassets; sourceTree = "<group>"; };
		7829F85D22D3FB78005ADD46 /* Base */ = {isa = PBXFileReference; lastKnownFileType = file.storyboard; name = Base; path = Base.lproj/LaunchScreen.storyboard; sourceTree = "<group>"; };
		7829F85F22D3FB78005ADD46 /* Info.plist */ = {isa = PBXFileReference; lastKnownFileType = text.plist.xml; path = Info.plist; sourceTree = "<group>"; };
		7829F86022D3FB78005ADD46 /* main.m */ = {isa = PBXFileReference; lastKnownFileType = sourcecode.c.objc; path = main.m; sourceTree = "<group>"; };
		7829F86622D3FB78005ADD46 /* InstagramCloneTests.xctest */ = {isa = PBXFileReference; explicitFileType = wrapper.cfbundle; includeInIndex = 0; path = InstagramCloneTests.xctest; sourceTree = BUILT_PRODUCTS_DIR; };
		7829F86A22D3FB78005ADD46 /* InstagramCloneTests.m */ = {isa = PBXFileReference; lastKnownFileType = sourcecode.c.objc; path = InstagramCloneTests.m; sourceTree = "<group>"; };
		7829F86C22D3FB79005ADD46 /* Info.plist */ = {isa = PBXFileReference; lastKnownFileType = text.plist.xml; path = Info.plist; sourceTree = "<group>"; };
		7829F87122D3FB79005ADD46 /* InstagramCloneUITests.xctest */ = {isa = PBXFileReference; explicitFileType = wrapper.cfbundle; includeInIndex = 0; path = InstagramCloneUITests.xctest; sourceTree = BUILT_PRODUCTS_DIR; };
		7829F87522D3FB79005ADD46 /* InstagramCloneUITests.m */ = {isa = PBXFileReference; lastKnownFileType = sourcecode.c.objc; path = InstagramCloneUITests.m; sourceTree = "<group>"; };
		7829F87722D3FB79005ADD46 /* Info.plist */ = {isa = PBXFileReference; lastKnownFileType = text.plist.xml; path = Info.plist; sourceTree = "<group>"; };
		783F0FC822D40C10009139E6 /* LoginPageViewController.h */ = {isa = PBXFileReference; lastKnownFileType = sourcecode.c.h; path = LoginPageViewController.h; sourceTree = "<group>"; };
		783F0FC922D40C10009139E6 /* LoginPageViewController.m */ = {isa = PBXFileReference; lastKnownFileType = sourcecode.c.objc; path = LoginPageViewController.m; sourceTree = "<group>"; };
		783F0FCD22D4F173009139E6 /* SignUpViewController.h */ = {isa = PBXFileReference; lastKnownFileType = sourcecode.c.h; path = SignUpViewController.h; sourceTree = "<group>"; };
		783F0FCE22D4F173009139E6 /* SignUpViewController.m */ = {isa = PBXFileReference; lastKnownFileType = sourcecode.c.objc; path = SignUpViewController.m; sourceTree = "<group>"; };
		783F0FD022D4F617009139E6 /* FeedViewController.h */ = {isa = PBXFileReference; lastKnownFileType = sourcecode.c.h; path = FeedViewController.h; sourceTree = "<group>"; };
		783F0FD122D4F617009139E6 /* FeedViewController.m */ = {isa = PBXFileReference; lastKnownFileType = sourcecode.c.objc; path = FeedViewController.m; sourceTree = "<group>"; };
		783F0FD322D51E35009139E6 /* PostCell.h */ = {isa = PBXFileReference; lastKnownFileType = sourcecode.c.h; path = PostCell.h; sourceTree = "<group>"; };
		783F0FD422D51E35009139E6 /* PostCell.m */ = {isa = PBXFileReference; lastKnownFileType = sourcecode.c.objc; path = PostCell.m; sourceTree = "<group>"; };
		783F0FD622D53F77009139E6 /* Post.h */ = {isa = PBXFileReference; lastKnownFileType = sourcecode.c.h; path = Post.h; sourceTree = "<group>"; };
		783F0FD722D53F77009139E6 /* Post.m */ = {isa = PBXFileReference; lastKnownFileType = sourcecode.c.objc; path = Post.m; sourceTree = "<group>"; };
		783F0FD922D547CB009139E6 /* ComposeViewController.h */ = {isa = PBXFileReference; lastKnownFileType = sourcecode.c.h; path = ComposeViewController.h; sourceTree = "<group>"; };
		783F0FDA22D547CB009139E6 /* ComposeViewController.m */ = {isa = PBXFileReference; lastKnownFileType = sourcecode.c.objc; path = ComposeViewController.m; sourceTree = "<group>"; };
		78C7EBA722D675700084B98D /* DetailedViewViewController.h */ = {isa = PBXFileReference; lastKnownFileType = sourcecode.c.h; path = DetailedViewViewController.h; sourceTree = "<group>"; };
		78C7EBA822D675700084B98D /* DetailedViewViewController.m */ = {isa = PBXFileReference; lastKnownFileType = sourcecode.c.objc; path = DetailedViewViewController.m; sourceTree = "<group>"; };
		C9A590C45FEC63C4A527AA30 /* Pods-InstagramCloneTests.debug.xcconfig */ = {isa = PBXFileReference; includeInIndex = 1; lastKnownFileType = text.xcconfig; name = "Pods-InstagramCloneTests.debug.xcconfig"; path = "Target Support Files/Pods-InstagramCloneTests/Pods-InstagramCloneTests.debug.xcconfig"; sourceTree = "<group>"; };
		CAF3564264388F07B662D3BB /* Pods-InstagramClone.release.xcconfig */ = {isa = PBXFileReference; includeInIndex = 1; lastKnownFileType = text.xcconfig; name = "Pods-InstagramClone.release.xcconfig"; path = "Target Support Files/Pods-InstagramClone/Pods-InstagramClone.release.xcconfig"; sourceTree = "<group>"; };
		D4C46DA657E8DC29592C5BE1 /* Pods-InstagramCloneTests.release.xcconfig */ = {isa = PBXFileReference; includeInIndex = 1; lastKnownFileType = text.xcconfig; name = "Pods-InstagramCloneTests.release.xcconfig"; path = "Target Support Files/Pods-InstagramCloneTests/Pods-InstagramCloneTests.release.xcconfig"; sourceTree = "<group>"; };
/* End PBXFileReference section */

/* Begin PBXFrameworksBuildPhase section */
		7829F84B22D3FB77005ADD46 /* Frameworks */ = {
			isa = PBXFrameworksBuildPhase;
			buildActionMask = 2147483647;
			files = (
				116E1E945A258B098FBFAD3F /* Pods_InstagramClone.framework in Frameworks */,
			);
			runOnlyForDeploymentPostprocessing = 0;
		};
		7829F86322D3FB78005ADD46 /* Frameworks */ = {
			isa = PBXFrameworksBuildPhase;
			buildActionMask = 2147483647;
			files = (
				344C8A35C85E94FBAC46CC7C /* Pods_InstagramCloneTests.framework in Frameworks */,
			);
			runOnlyForDeploymentPostprocessing = 0;
		};
		7829F86E22D3FB79005ADD46 /* Frameworks */ = {
			isa = PBXFrameworksBuildPhase;
			buildActionMask = 2147483647;
			files = (
				1E11A4623C132DAAD726B7A6 /* Pods_InstagramCloneUITests.framework in Frameworks */,
			);
			runOnlyForDeploymentPostprocessing = 0;
		};
/* End PBXFrameworksBuildPhase section */

/* Begin PBXGroup section */
		33A3620B0BFE7A3CB50CF4EE /* Pods */ = {
			isa = PBXGroup;
			children = (
				517AF151A6811AEB8371C8E6 /* Pods-InstagramClone.debug.xcconfig */,
				CAF3564264388F07B662D3BB /* Pods-InstagramClone.release.xcconfig */,
				C9A590C45FEC63C4A527AA30 /* Pods-InstagramCloneTests.debug.xcconfig */,
				D4C46DA657E8DC29592C5BE1 /* Pods-InstagramCloneTests.release.xcconfig */,
				4993AAE599B17D5D6CBEF1A5 /* Pods-InstagramCloneUITests.debug.xcconfig */,
				09865068A7D5E719C0FF7DBD /* Pods-InstagramCloneUITests.release.xcconfig */,
			);
			path = Pods;
			sourceTree = "<group>";
		};
		7829F84522D3FB77005ADD46 = {
			isa = PBXGroup;
			children = (
				783F0FCC22D40C2A009139E6 /* Models */,
				783F0FCB22D40C1B009139E6 /* View Controllers */,
				7829F85022D3FB77005ADD46 /* InstagramClone */,
				7829F86922D3FB78005ADD46 /* InstagramCloneTests */,
				7829F87422D3FB79005ADD46 /* InstagramCloneUITests */,
				7829F84F22D3FB77005ADD46 /* Products */,
				33A3620B0BFE7A3CB50CF4EE /* Pods */,
				BB09B8EA3DBE458E6BD3A6BB /* Frameworks */,
			);
			sourceTree = "<group>";
		};
		7829F84F22D3FB77005ADD46 /* Products */ = {
			isa = PBXGroup;
			children = (
				7829F84E22D3FB77005ADD46 /* InstagramClone.app */,
				7829F86622D3FB78005ADD46 /* InstagramCloneTests.xctest */,
				7829F87122D3FB79005ADD46 /* InstagramCloneUITests.xctest */,
			);
			name = Products;
			sourceTree = "<group>";
		};
		7829F85022D3FB77005ADD46 /* InstagramClone */ = {
			isa = PBXGroup;
			children = (
				7829F85122D3FB77005ADD46 /* AppDelegate.h */,
				7829F85222D3FB77005ADD46 /* AppDelegate.m */,
				7829F85722D3FB77005ADD46 /* Main.storyboard */,
				7829F85A22D3FB78005ADD46 /* Assets.xcassets */,
				7829F85C22D3FB78005ADD46 /* LaunchScreen.storyboard */,
				7829F85F22D3FB78005ADD46 /* Info.plist */,
				7829F86022D3FB78005ADD46 /* main.m */,
				783F0FD322D51E35009139E6 /* PostCell.h */,
				783F0FD422D51E35009139E6 /* PostCell.m */,
			);
			path = InstagramClone;
			sourceTree = "<group>";
		};
		7829F86922D3FB78005ADD46 /* InstagramCloneTests */ = {
			isa = PBXGroup;
			children = (
				7829F86A22D3FB78005ADD46 /* InstagramCloneTests.m */,
				7829F86C22D3FB79005ADD46 /* Info.plist */,
			);
			path = InstagramCloneTests;
			sourceTree = "<group>";
		};
		7829F87422D3FB79005ADD46 /* InstagramCloneUITests */ = {
			isa = PBXGroup;
			children = (
				7829F87522D3FB79005ADD46 /* InstagramCloneUITests.m */,
				7829F87722D3FB79005ADD46 /* Info.plist */,
			);
			path = InstagramCloneUITests;
			sourceTree = "<group>";
		};
		783F0FCB22D40C1B009139E6 /* View Controllers */ = {
			isa = PBXGroup;
			children = (
				783F0FC822D40C10009139E6 /* LoginPageViewController.h */,
				783F0FC922D40C10009139E6 /* LoginPageViewController.m */,
				783F0FCD22D4F173009139E6 /* SignUpViewController.h */,
				783F0FCE22D4F173009139E6 /* SignUpViewController.m */,
				783F0FD022D4F617009139E6 /* FeedViewController.h */,
				783F0FD122D4F617009139E6 /* FeedViewController.m */,
				783F0FD922D547CB009139E6 /* ComposeViewController.h */,
				783F0FDA22D547CB009139E6 /* ComposeViewController.m */,
				78C7EBA722D675700084B98D /* DetailedViewViewController.h */,
				78C7EBA822D675700084B98D /* DetailedViewViewController.m */,
			);
			path = "View Controllers";
			sourceTree = "<group>";
		};
		783F0FCC22D40C2A009139E6 /* Models */ = {
			isa = PBXGroup;
			children = (
				783F0FD622D53F77009139E6 /* Post.h */,
				783F0FD722D53F77009139E6 /* Post.m */,
			);
			path = Models;
			sourceTree = "<group>";
		};
		BB09B8EA3DBE458E6BD3A6BB /* Frameworks */ = {
			isa = PBXGroup;
			children = (
				00072F520935EC8DDA02D47B /* Pods_InstagramClone.framework */,
				6EC6CB139B23A49C4BCFD6DE /* Pods_InstagramCloneTests.framework */,
				65A2E7C97835E7814D58D2F7 /* Pods_InstagramCloneUITests.framework */,
			);
			name = Frameworks;
			sourceTree = "<group>";
		};
/* End PBXGroup section */

/* Begin PBXNativeTarget section */
		7829F84D22D3FB77005ADD46 /* InstagramClone */ = {
			isa = PBXNativeTarget;
			buildConfigurationList = 7829F87A22D3FB79005ADD46 /* Build configuration list for PBXNativeTarget "InstagramClone" */;
			buildPhases = (
				09027AA1BC6D9AF6EBC9A910 /* [CP] Check Pods Manifest.lock */,
				7829F84A22D3FB77005ADD46 /* Sources */,
				7829F84B22D3FB77005ADD46 /* Frameworks */,
				7829F84C22D3FB77005ADD46 /* Resources */,
				59350DE90E7F175D48CF4264 /* [CP] Embed Pods Frameworks */,
			);
			buildRules = (
			);
			dependencies = (
			);
			name = InstagramClone;
			productName = InstagramClone;
			productReference = 7829F84E22D3FB77005ADD46 /* InstagramClone.app */;
			productType = "com.apple.product-type.application";
		};
		7829F86522D3FB78005ADD46 /* InstagramCloneTests */ = {
			isa = PBXNativeTarget;
			buildConfigurationList = 7829F87D22D3FB79005ADD46 /* Build configuration list for PBXNativeTarget "InstagramCloneTests" */;
			buildPhases = (
				7A877E87B892E011E5B9DB6E /* [CP] Check Pods Manifest.lock */,
				7829F86222D3FB78005ADD46 /* Sources */,
				7829F86322D3FB78005ADD46 /* Frameworks */,
				7829F86422D3FB78005ADD46 /* Resources */,
			);
			buildRules = (
			);
			dependencies = (
				7829F86822D3FB78005ADD46 /* PBXTargetDependency */,
			);
			name = InstagramCloneTests;
			productName = InstagramCloneTests;
			productReference = 7829F86622D3FB78005ADD46 /* InstagramCloneTests.xctest */;
			productType = "com.apple.product-type.bundle.unit-test";
		};
		7829F87022D3FB79005ADD46 /* InstagramCloneUITests */ = {
			isa = PBXNativeTarget;
			buildConfigurationList = 7829F88022D3FB79005ADD46 /* Build configuration list for PBXNativeTarget "InstagramCloneUITests" */;
			buildPhases = (
				5B1F88E23BC064CB555ACD97 /* [CP] Check Pods Manifest.lock */,
				7829F86D22D3FB79005ADD46 /* Sources */,
				7829F86E22D3FB79005ADD46 /* Frameworks */,
				7829F86F22D3FB79005ADD46 /* Resources */,
			);
			buildRules = (
			);
			dependencies = (
				7829F87322D3FB79005ADD46 /* PBXTargetDependency */,
			);
			name = InstagramCloneUITests;
			productName = InstagramCloneUITests;
			productReference = 7829F87122D3FB79005ADD46 /* InstagramCloneUITests.xctest */;
			productType = "com.apple.product-type.bundle.ui-testing";
		};
/* End PBXNativeTarget section */

/* Begin PBXProject section */
		7829F84622D3FB77005ADD46 /* Project object */ = {
			isa = PBXProject;
			attributes = {
				LastUpgradeCheck = 1020;
				ORGANIZATIONNAME = sbernal0115;
				TargetAttributes = {
					7829F84D22D3FB77005ADD46 = {
						CreatedOnToolsVersion = 10.2.1;
					};
					7829F86522D3FB78005ADD46 = {
						CreatedOnToolsVersion = 10.2.1;
						TestTargetID = 7829F84D22D3FB77005ADD46;
					};
					7829F87022D3FB79005ADD46 = {
						CreatedOnToolsVersion = 10.2.1;
						TestTargetID = 7829F84D22D3FB77005ADD46;
					};
				};
			};
			buildConfigurationList = 7829F84922D3FB77005ADD46 /* Build configuration list for PBXProject "InstagramClone" */;
			compatibilityVersion = "Xcode 9.3";
			developmentRegion = en;
			hasScannedForEncodings = 0;
			knownRegions = (
				en,
				Base,
			);
			mainGroup = 7829F84522D3FB77005ADD46;
			productRefGroup = 7829F84F22D3FB77005ADD46 /* Products */;
			projectDirPath = "";
			projectRoot = "";
			targets = (
				7829F84D22D3FB77005ADD46 /* InstagramClone */,
				7829F86522D3FB78005ADD46 /* InstagramCloneTests */,
				7829F87022D3FB79005ADD46 /* InstagramCloneUITests */,
			);
		};
/* End PBXProject section */

/* Begin PBXResourcesBuildPhase section */
		7829F84C22D3FB77005ADD46 /* Resources */ = {
			isa = PBXResourcesBuildPhase;
			buildActionMask = 2147483647;
			files = (
				7829F85E22D3FB78005ADD46 /* LaunchScreen.storyboard in Resources */,
				7829F85B22D3FB78005ADD46 /* Assets.xcassets in Resources */,
				7829F85922D3FB77005ADD46 /* Main.storyboard in Resources */,
			);
			runOnlyForDeploymentPostprocessing = 0;
		};
		7829F86422D3FB78005ADD46 /* Resources */ = {
			isa = PBXResourcesBuildPhase;
			buildActionMask = 2147483647;
			files = (
			);
			runOnlyForDeploymentPostprocessing = 0;
		};
		7829F86F22D3FB79005ADD46 /* Resources */ = {
			isa = PBXResourcesBuildPhase;
			buildActionMask = 2147483647;
			files = (
			);
			runOnlyForDeploymentPostprocessing = 0;
		};
/* End PBXResourcesBuildPhase section */

/* Begin PBXShellScriptBuildPhase section */
		09027AA1BC6D9AF6EBC9A910 /* [CP] Check Pods Manifest.lock */ = {
			isa = PBXShellScriptBuildPhase;
			buildActionMask = 2147483647;
			files = (
			);
			inputFileListPaths = (
			);
			inputPaths = (
				"${PODS_PODFILE_DIR_PATH}/Podfile.lock",
				"${PODS_ROOT}/Manifest.lock",
			);
			name = "[CP] Check Pods Manifest.lock";
			outputFileListPaths = (
			);
			outputPaths = (
				"$(DERIVED_FILE_DIR)/Pods-InstagramClone-checkManifestLockResult.txt",
			);
			runOnlyForDeploymentPostprocessing = 0;
			shellPath = /bin/sh;
			shellScript = "diff \"${PODS_PODFILE_DIR_PATH}/Podfile.lock\" \"${PODS_ROOT}/Manifest.lock\" > /dev/null\nif [ $? != 0 ] ; then\n    # print error to STDERR\n    echo \"error: The sandbox is not in sync with the Podfile.lock. Run 'pod install' or update your CocoaPods installation.\" >&2\n    exit 1\nfi\n# This output is used by Xcode 'outputs' to avoid re-running this script phase.\necho \"SUCCESS\" > \"${SCRIPT_OUTPUT_FILE_0}\"\n";
			showEnvVarsInLog = 0;
		};
		59350DE90E7F175D48CF4264 /* [CP] Embed Pods Frameworks */ = {
			isa = PBXShellScriptBuildPhase;
			buildActionMask = 2147483647;
			files = (
			);
			inputFileListPaths = (
				"${PODS_ROOT}/Target Support Files/Pods-InstagramClone/Pods-InstagramClone-frameworks-${CONFIGURATION}-input-files.xcfilelist",
			);
			name = "[CP] Embed Pods Frameworks";
			outputFileListPaths = (
				"${PODS_ROOT}/Target Support Files/Pods-InstagramClone/Pods-InstagramClone-frameworks-${CONFIGURATION}-output-files.xcfilelist",
			);
			runOnlyForDeploymentPostprocessing = 0;
			shellPath = /bin/sh;
			shellScript = "\"${PODS_ROOT}/Target Support Files/Pods-InstagramClone/Pods-InstagramClone-frameworks.sh\"\n";
			showEnvVarsInLog = 0;
		};
		5B1F88E23BC064CB555ACD97 /* [CP] Check Pods Manifest.lock */ = {
			isa = PBXShellScriptBuildPhase;
			buildActionMask = 2147483647;
			files = (
			);
			inputFileListPaths = (
			);
			inputPaths = (
				"${PODS_PODFILE_DIR_PATH}/Podfile.lock",
				"${PODS_ROOT}/Manifest.lock",
			);
			name = "[CP] Check Pods Manifest.lock";
			outputFileListPaths = (
			);
			outputPaths = (
				"$(DERIVED_FILE_DIR)/Pods-InstagramCloneUITests-checkManifestLockResult.txt",
			);
			runOnlyForDeploymentPostprocessing = 0;
			shellPath = /bin/sh;
			shellScript = "diff \"${PODS_PODFILE_DIR_PATH}/Podfile.lock\" \"${PODS_ROOT}/Manifest.lock\" > /dev/null\nif [ $? != 0 ] ; then\n    # print error to STDERR\n    echo \"error: The sandbox is not in sync with the Podfile.lock. Run 'pod install' or update your CocoaPods installation.\" >&2\n    exit 1\nfi\n# This output is used by Xcode 'outputs' to avoid re-running this script phase.\necho \"SUCCESS\" > \"${SCRIPT_OUTPUT_FILE_0}\"\n";
			showEnvVarsInLog = 0;
		};
		7A877E87B892E011E5B9DB6E /* [CP] Check Pods Manifest.lock */ = {
			isa = PBXShellScriptBuildPhase;
			buildActionMask = 2147483647;
			files = (
			);
			inputFileListPaths = (
			);
			inputPaths = (
				"${PODS_PODFILE_DIR_PATH}/Podfile.lock",
				"${PODS_ROOT}/Manifest.lock",
			);
			name = "[CP] Check Pods Manifest.lock";
			outputFileListPaths = (
			);
			outputPaths = (
				"$(DERIVED_FILE_DIR)/Pods-InstagramCloneTests-checkManifestLockResult.txt",
			);
			runOnlyForDeploymentPostprocessing = 0;
			shellPath = /bin/sh;
			shellScript = "diff \"${PODS_PODFILE_DIR_PATH}/Podfile.lock\" \"${PODS_ROOT}/Manifest.lock\" > /dev/null\nif [ $? != 0 ] ; then\n    # print error to STDERR\n    echo \"error: The sandbox is not in sync with the Podfile.lock. Run 'pod install' or update your CocoaPods installation.\" >&2\n    exit 1\nfi\n# This output is used by Xcode 'outputs' to avoid re-running this script phase.\necho \"SUCCESS\" > \"${SCRIPT_OUTPUT_FILE_0}\"\n";
			showEnvVarsInLog = 0;
		};
/* End PBXShellScriptBuildPhase section */

/* Begin PBXSourcesBuildPhase section */
		7829F84A22D3FB77005ADD46 /* Sources */ = {
			isa = PBXSourcesBuildPhase;
			buildActionMask = 2147483647;
			files = (
				783F0FCA22D40C10009139E6 /* LoginPageViewController.m in Sources */,
				783F0FD222D4F617009139E6 /* FeedViewController.m in Sources */,
				78C7EBA922D675700084B98D /* DetailedViewViewController.m in Sources */,
				7829F86122D3FB78005ADD46 /* main.m in Sources */,
				783F0FCF22D4F173009139E6 /* SignUpViewController.m in Sources */,
				7829F85322D3FB77005ADD46 /* AppDelegate.m in Sources */,
				783F0FD522D51E35009139E6 /* PostCell.m in Sources */,
				783F0FD822D53F77009139E6 /* Post.m in Sources */,
				783F0FDB22D547CB009139E6 /* ComposeViewController.m in Sources */,
			);
			runOnlyForDeploymentPostprocessing = 0;
		};
		7829F86222D3FB78005ADD46 /* Sources */ = {
			isa = PBXSourcesBuildPhase;
			buildActionMask = 2147483647;
			files = (
				7829F86B22D3FB78005ADD46 /* InstagramCloneTests.m in Sources */,
			);
			runOnlyForDeploymentPostprocessing = 0;
		};
		7829F86D22D3FB79005ADD46 /* Sources */ = {
			isa = PBXSourcesBuildPhase;
			buildActionMask = 2147483647;
			files = (
				7829F87622D3FB79005ADD46 /* InstagramCloneUITests.m in Sources */,
			);
			runOnlyForDeploymentPostprocessing = 0;
		};
/* End PBXSourcesBuildPhase section */

/* Begin PBXTargetDependency section */
		7829F86822D3FB78005ADD46 /* PBXTargetDependency */ = {
			isa = PBXTargetDependency;
			target = 7829F84D22D3FB77005ADD46 /* InstagramClone */;
			targetProxy = 7829F86722D3FB78005ADD46 /* PBXContainerItemProxy */;
		};
		7829F87322D3FB79005ADD46 /* PBXTargetDependency */ = {
			isa = PBXTargetDependency;
			target = 7829F84D22D3FB77005ADD46 /* InstagramClone */;
			targetProxy = 7829F87222D3FB79005ADD46 /* PBXContainerItemProxy */;
		};
/* End PBXTargetDependency section */

/* Begin PBXVariantGroup section */
		7829F85722D3FB77005ADD46 /* Main.storyboard */ = {
			isa = PBXVariantGroup;
			children = (
				7829F85822D3FB77005ADD46 /* Base */,
			);
			name = Main.storyboard;
			sourceTree = "<group>";
		};
		7829F85C22D3FB78005ADD46 /* LaunchScreen.storyboard */ = {
			isa = PBXVariantGroup;
			children = (
				7829F85D22D3FB78005ADD46 /* Base */,
			);
			name = LaunchScreen.storyboard;
			sourceTree = "<group>";
		};
/* End PBXVariantGroup section */

/* Begin XCBuildConfiguration section */
		7829F87822D3FB79005ADD46 /* Debug */ = {
			isa = XCBuildConfiguration;
			buildSettings = {
				ALWAYS_SEARCH_USER_PATHS = NO;
				CLANG_ANALYZER_NONNULL = YES;
				CLANG_ANALYZER_NUMBER_OBJECT_CONVERSION = YES_AGGRESSIVE;
				CLANG_CXX_LANGUAGE_STANDARD = "gnu++14";
				CLANG_CXX_LIBRARY = "libc++";
				CLANG_ENABLE_MODULES = YES;
				CLANG_ENABLE_OBJC_ARC = YES;
				CLANG_ENABLE_OBJC_WEAK = YES;
				CLANG_WARN_BLOCK_CAPTURE_AUTORELEASING = YES;
				CLANG_WARN_BOOL_CONVERSION = YES;
				CLANG_WARN_COMMA = YES;
				CLANG_WARN_CONSTANT_CONVERSION = YES;
				CLANG_WARN_DEPRECATED_OBJC_IMPLEMENTATIONS = YES;
				CLANG_WARN_DIRECT_OBJC_ISA_USAGE = YES_ERROR;
				CLANG_WARN_DOCUMENTATION_COMMENTS = YES;
				CLANG_WARN_EMPTY_BODY = YES;
				CLANG_WARN_ENUM_CONVERSION = YES;
				CLANG_WARN_INFINITE_RECURSION = YES;
				CLANG_WARN_INT_CONVERSION = YES;
				CLANG_WARN_NON_LITERAL_NULL_CONVERSION = YES;
				CLANG_WARN_OBJC_IMPLICIT_RETAIN_SELF = YES;
				CLANG_WARN_OBJC_LITERAL_CONVERSION = YES;
				CLANG_WARN_OBJC_ROOT_CLASS = YES_ERROR;
				CLANG_WARN_RANGE_LOOP_ANALYSIS = YES;
				CLANG_WARN_STRICT_PROTOTYPES = YES;
				CLANG_WARN_SUSPICIOUS_MOVE = YES;
				CLANG_WARN_UNGUARDED_AVAILABILITY = YES_AGGRESSIVE;
				CLANG_WARN_UNREACHABLE_CODE = YES;
				CLANG_WARN__DUPLICATE_METHOD_MATCH = YES;
				CODE_SIGN_IDENTITY = "iPhone Developer";
				COPY_PHASE_STRIP = NO;
				DEBUG_INFORMATION_FORMAT = dwarf;
				ENABLE_STRICT_OBJC_MSGSEND = YES;
				ENABLE_TESTABILITY = YES;
				GCC_C_LANGUAGE_STANDARD = gnu11;
				GCC_DYNAMIC_NO_PIC = NO;
				GCC_NO_COMMON_BLOCKS = YES;
				GCC_OPTIMIZATION_LEVEL = 0;
				GCC_PREPROCESSOR_DEFINITIONS = (
					"DEBUG=1",
					"$(inherited)",
				);
				GCC_WARN_64_TO_32_BIT_CONVERSION = YES;
				GCC_WARN_ABOUT_RETURN_TYPE = YES_ERROR;
				GCC_WARN_UNDECLARED_SELECTOR = YES;
				GCC_WARN_UNINITIALIZED_AUTOS = YES_AGGRESSIVE;
				GCC_WARN_UNUSED_FUNCTION = YES;
				GCC_WARN_UNUSED_VARIABLE = YES;
				IPHONEOS_DEPLOYMENT_TARGET = 12.2;
				MTL_ENABLE_DEBUG_INFO = INCLUDE_SOURCE;
				MTL_FAST_MATH = YES;
				ONLY_ACTIVE_ARCH = YES;
				SDKROOT = iphoneos;
			};
			name = Debug;
		};
		7829F87922D3FB79005ADD46 /* Release */ = {
			isa = XCBuildConfiguration;
			buildSettings = {
				ALWAYS_SEARCH_USER_PATHS = NO;
				CLANG_ANALYZER_NONNULL = YES;
				CLANG_ANALYZER_NUMBER_OBJECT_CONVERSION = YES_AGGRESSIVE;
				CLANG_CXX_LANGUAGE_STANDARD = "gnu++14";
				CLANG_CXX_LIBRARY = "libc++";
				CLANG_ENABLE_MODULES = YES;
				CLANG_ENABLE_OBJC_ARC = YES;
				CLANG_ENABLE_OBJC_WEAK = YES;
				CLANG_WARN_BLOCK_CAPTURE_AUTORELEASING = YES;
				CLANG_WARN_BOOL_CONVERSION = YES;
				CLANG_WARN_COMMA = YES;
				CLANG_WARN_CONSTANT_CONVERSION = YES;
				CLANG_WARN_DEPRECATED_OBJC_IMPLEMENTATIONS = YES;
				CLANG_WARN_DIRECT_OBJC_ISA_USAGE = YES_ERROR;
				CLANG_WARN_DOCUMENTATION_COMMENTS = YES;
				CLANG_WARN_EMPTY_BODY = YES;
				CLANG_WARN_ENUM_CONVERSION = YES;
				CLANG_WARN_INFINITE_RECURSION = YES;
				CLANG_WARN_INT_CONVERSION = YES;
				CLANG_WARN_NON_LITERAL_NULL_CONVERSION = YES;
				CLANG_WARN_OBJC_IMPLICIT_RETAIN_SELF = YES;
				CLANG_WARN_OBJC_LITERAL_CONVERSION = YES;
				CLANG_WARN_OBJC_ROOT_CLASS = YES_ERROR;
				CLANG_WARN_RANGE_LOOP_ANALYSIS = YES;
				CLANG_WARN_STRICT_PROTOTYPES = YES;
				CLANG_WARN_SUSPICIOUS_MOVE = YES;
				CLANG_WARN_UNGUARDED_AVAILABILITY = YES_AGGRESSIVE;
				CLANG_WARN_UNREACHABLE_CODE = YES;
				CLANG_WARN__DUPLICATE_METHOD_MATCH = YES;
				CODE_SIGN_IDENTITY = "iPhone Developer";
				COPY_PHASE_STRIP = NO;
				DEBUG_INFORMATION_FORMAT = "dwarf-with-dsym";
				ENABLE_NS_ASSERTIONS = NO;
				ENABLE_STRICT_OBJC_MSGSEND = YES;
				GCC_C_LANGUAGE_STANDARD = gnu11;
				GCC_NO_COMMON_BLOCKS = YES;
				GCC_WARN_64_TO_32_BIT_CONVERSION = YES;
				GCC_WARN_ABOUT_RETURN_TYPE = YES_ERROR;
				GCC_WARN_UNDECLARED_SELECTOR = YES;
				GCC_WARN_UNINITIALIZED_AUTOS = YES_AGGRESSIVE;
				GCC_WARN_UNUSED_FUNCTION = YES;
				GCC_WARN_UNUSED_VARIABLE = YES;
				IPHONEOS_DEPLOYMENT_TARGET = 12.2;
				MTL_ENABLE_DEBUG_INFO = NO;
				MTL_FAST_MATH = YES;
				SDKROOT = iphoneos;
				VALIDATE_PRODUCT = YES;
			};
			name = Release;
		};
		7829F87B22D3FB79005ADD46 /* Debug */ = {
			isa = XCBuildConfiguration;
			baseConfigurationReference = 517AF151A6811AEB8371C8E6 /* Pods-InstagramClone.debug.xcconfig */;
			buildSettings = {
				ASSETCATALOG_COMPILER_APPICON_NAME = AppIcon;
				CODE_SIGN_STYLE = Automatic;
				DEVELOPMENT_TEAM = ALFQD9Z6JP;
				INFOPLIST_FILE = InstagramClone/Info.plist;
				LD_RUNPATH_SEARCH_PATHS = (
					"$(inherited)",
					"@executable_path/Frameworks",
				);
				PRODUCT_BUNDLE_IDENTIFIER = testing.InstagramClone;
				PRODUCT_NAME = "$(TARGET_NAME)";
				TARGETED_DEVICE_FAMILY = "1,2";
			};
			name = Debug;
		};
		7829F87C22D3FB79005ADD46 /* Release */ = {
			isa = XCBuildConfiguration;
			baseConfigurationReference = CAF3564264388F07B662D3BB /* Pods-InstagramClone.release.xcconfig */;
			buildSettings = {
				ASSETCATALOG_COMPILER_APPICON_NAME = AppIcon;
				CODE_SIGN_STYLE = Automatic;
				DEVELOPMENT_TEAM = ALFQD9Z6JP;
				INFOPLIST_FILE = InstagramClone/Info.plist;
				LD_RUNPATH_SEARCH_PATHS = (
					"$(inherited)",
					"@executable_path/Frameworks",
				);
				PRODUCT_BUNDLE_IDENTIFIER = testing.InstagramClone;
				PRODUCT_NAME = "$(TARGET_NAME)";
				TARGETED_DEVICE_FAMILY = "1,2";
			};
			name = Release;
		};
		7829F87E22D3FB79005ADD46 /* Debug */ = {
			isa = XCBuildConfiguration;
			baseConfigurationReference = C9A590C45FEC63C4A527AA30 /* Pods-InstagramCloneTests.debug.xcconfig */;
			buildSettings = {
				BUNDLE_LOADER = "$(TEST_HOST)";
				CODE_SIGN_STYLE = Automatic;
				INFOPLIST_FILE = InstagramCloneTests/Info.plist;
				LD_RUNPATH_SEARCH_PATHS = (
					"$(inherited)",
					"@executable_path/Frameworks",
					"@loader_path/Frameworks",
				);
				PRODUCT_BUNDLE_IDENTIFIER = testing.InstagramCloneTests;
				PRODUCT_NAME = "$(TARGET_NAME)";
				TARGETED_DEVICE_FAMILY = "1,2";
				TEST_HOST = "$(BUILT_PRODUCTS_DIR)/InstagramClone.app/InstagramClone";
			};
			name = Debug;
		};
		7829F87F22D3FB79005ADD46 /* Release */ = {
			isa = XCBuildConfiguration;
			baseConfigurationReference = D4C46DA657E8DC29592C5BE1 /* Pods-InstagramCloneTests.release.xcconfig */;
			buildSettings = {
				BUNDLE_LOADER = "$(TEST_HOST)";
				CODE_SIGN_STYLE = Automatic;
				INFOPLIST_FILE = InstagramCloneTests/Info.plist;
				LD_RUNPATH_SEARCH_PATHS = (
					"$(inherited)",
					"@executable_path/Frameworks",
					"@loader_path/Frameworks",
				);
				PRODUCT_BUNDLE_IDENTIFIER = testing.InstagramCloneTests;
				PRODUCT_NAME = "$(TARGET_NAME)";
				TARGETED_DEVICE_FAMILY = "1,2";
				TEST_HOST = "$(BUILT_PRODUCTS_DIR)/InstagramClone.app/InstagramClone";
			};
			name = Release;
		};
		7829F88122D3FB79005ADD46 /* Debug */ = {
			isa = XCBuildConfiguration;
			baseConfigurationReference = 4993AAE599B17D5D6CBEF1A5 /* Pods-InstagramCloneUITests.debug.xcconfig */;
			buildSettings = {
				CODE_SIGN_STYLE = Automatic;
				INFOPLIST_FILE = InstagramCloneUITests/Info.plist;
				LD_RUNPATH_SEARCH_PATHS = (
					"$(inherited)",
					"@executable_path/Frameworks",
					"@loader_path/Frameworks",
				);
				PRODUCT_BUNDLE_IDENTIFIER = testing.InstagramCloneUITests;
				PRODUCT_NAME = "$(TARGET_NAME)";
				TARGETED_DEVICE_FAMILY = "1,2";
				TEST_TARGET_NAME = InstagramClone;
			};
			name = Debug;
		};
		7829F88222D3FB79005ADD46 /* Release */ = {
			isa = XCBuildConfiguration;
			baseConfigurationReference = 09865068A7D5E719C0FF7DBD /* Pods-InstagramCloneUITests.release.xcconfig */;
			buildSettings = {
				CODE_SIGN_STYLE = Automatic;
				INFOPLIST_FILE = InstagramCloneUITests/Info.plist;
				LD_RUNPATH_SEARCH_PATHS = (
					"$(inherited)",
					"@executable_path/Frameworks",
					"@loader_path/Frameworks",
				);
				PRODUCT_BUNDLE_IDENTIFIER = testing.InstagramCloneUITests;
				PRODUCT_NAME = "$(TARGET_NAME)";
				TARGETED_DEVICE_FAMILY = "1,2";
				TEST_TARGET_NAME = InstagramClone;
			};
			name = Release;
		};
/* End XCBuildConfiguration section */

/* Begin XCConfigurationList section */
		7829F84922D3FB77005ADD46 /* Build configuration list for PBXProject "InstagramClone" */ = {
			isa = XCConfigurationList;
			buildConfigurations = (
				7829F87822D3FB79005ADD46 /* Debug */,
				7829F87922D3FB79005ADD46 /* Release */,
			);
			defaultConfigurationIsVisible = 0;
			defaultConfigurationName = Release;
		};
		7829F87A22D3FB79005ADD46 /* Build configuration list for PBXNativeTarget "InstagramClone" */ = {
			isa = XCConfigurationList;
			buildConfigurations = (
				7829F87B22D3FB79005ADD46 /* Debug */,
				7829F87C22D3FB79005ADD46 /* Release */,
			);
			defaultConfigurationIsVisible = 0;
			defaultConfigurationName = Release;
		};
		7829F87D22D3FB79005ADD46 /* Build configuration list for PBXNativeTarget "InstagramCloneTests" */ = {
			isa = XCConfigurationList;
			buildConfigurations = (
				7829F87E22D3FB79005ADD46 /* Debug */,
				7829F87F22D3FB79005ADD46 /* Release */,
			);
			defaultConfigurationIsVisible = 0;
			defaultConfigurationName = Release;
		};
		7829F88022D3FB79005ADD46 /* Build configuration list for PBXNativeTarget "InstagramCloneUITests" */ = {
			isa = XCConfigurationList;
			buildConfigurations = (
				7829F88122D3FB79005ADD46 /* Debug */,
				7829F88222D3FB79005ADD46 /* Release */,
			);
			defaultConfigurationIsVisible = 0;
			defaultConfigurationName = Release;
		};
/* End XCConfigurationList section */
	};
	rootObject = 7829F84622D3FB77005ADD46 /* Project object */;
}
